
Microsoft Visual Studio Solution File, Format Version 12.00
# Visual Studio Version 17
VisualStudioVersion = 17.0.31903.59
MinimumVisualStudioVersion = 10.0.40219.1
Project("{9A19103F-16F7-4668-BE54-9A1E7A4F7556}") = "TodoApi", "TodoApi\TodoApi.csproj", "{6905B0F5-5D93-4528-AC5C-D0481CD73414}"
EndProject
Global
	GlobalSection(SolutionConfigurationPlatforms) = preSolution
		Debug|Any CPU = Debug|Any CPU
		Release|Any CPU = Release|Any CPU
	EndGlobalSection
	GlobalSection(ProjectConfigurationPlatforms) = postSolution
		{6905B0F5-5D93-4528-AC5C-D0481CD73414}.Debug|Any CPU.ActiveCfg = Debug|Any CPU
		{6905B0F5-5D93-4528-AC5C-D0481CD73414}.Debug|Any CPU.Build.0 = Debug|Any CPU
		{6905B0F5-5D93-4528-AC5C-D0481CD73414}.Release|Any CPU.ActiveCfg = Release|Any CPU
		{6905B0F5-5D93-4528-AC5C-D0481CD73414}.Release|Any CPU.Build.0 = Release|Any CPU
	EndGlobalSection
	GlobalSection(SolutionProperties) = preSolution
		HideSolutionNode = FALSE
	EndGlobalSection
	GlobalSection(ExtensibilityGlobals) = postSolution
		SolutionGuid = {4FF98954-F06F-45C2-A5EC-A494AA37EFA6}
	EndGlobalSection
EndGlobal
